
Microsoft Visual Studio Solution File, Format Version 12.00
# Visual Studio Version 16
VisualStudioVersion = 16.0.29728.190
MinimumVisualStudioVersion = 10.0.40219.1
Project("{FAE04EC0-301F-11D3-BF4B-00C04F79EFBC}") = "MiniZork", "MiniZork.csproj", "{38EE93F2-2BB4-4505-A2D3-B7B7872F3D8F}"
EndProject
Global
	GlobalSection(SolutionConfigurationPlatforms) = preSolution
		Debug|Any CPU = Debug|Any CPU
		Release|Any CPU = Release|Any CPU
	EndGlobalSection
	GlobalSection(ProjectConfigurationPlatforms) = postSolution
		{38EE93F2-2BB4-4505-A2D3-B7B7872F3D8F}.Debug|Any CPU.ActiveCfg = Debug|Any CPU
		{38EE93F2-2BB4-4505-A2D3-B7B7872F3D8F}.Debug|Any CPU.Build.0 = Debug|Any CPU
		{38EE93F2-2BB4-4505-A2D3-B7B7872F3D8F}.Release|Any CPU.ActiveCfg = Release|Any CPU
		{38EE93F2-2BB4-4505-A2D3-B7B7872F3D8F}.Release|Any CPU.Build.0 = Release|Any CPU
	EndGlobalSection
	GlobalSection(SolutionProperties) = preSolution
		HideSolutionNode = FALSE
	EndGlobalSection
	GlobalSection(ExtensibilityGlobals) = postSolution
		SolutionGuid = {C9B94148-D522-490D-87B4-7CD8A53D56A5}
	EndGlobalSection
EndGlobal
