
Microsoft Visual Studio Solution File, Format Version 12.00
# Visual Studio Version 16
VisualStudioVersion = 16.0.30717.126
MinimumVisualStudioVersion = 10.0.40219.1
Project("{FAE04EC0-301F-11D3-BF4B-00C04F79EFBC}") = "StudentManagementSystem", "StudentManagementSystem.csproj", "{5270E5E3-212C-499C-BFE5-0F5C3199A861}"
EndProject
Project("{FAE04EC0-301F-11D3-BF4B-00C04F79EFBC}") = "SystemIO.Tests", "..\SystemIO.Tests\SystemIO.Tests.csproj", "{4621DFDF-D12D-404A-96D8-4F501C95A5F2}"
EndProject
Global
	GlobalSection(SolutionConfigurationPlatforms) = preSolution
		Debug|Any CPU = Debug|Any CPU
		Release|Any CPU = Release|Any CPU
	EndGlobalSection
	GlobalSection(ProjectConfigurationPlatforms) = postSolution
		{5270E5E3-212C-499C-BFE5-0F5C3199A861}.Debug|Any CPU.ActiveCfg = Debug|Any CPU
		{5270E5E3-212C-499C-BFE5-0F5C3199A861}.Debug|Any CPU.Build.0 = Debug|Any CPU
		{5270E5E3-212C-499C-BFE5-0F5C3199A861}.Release|Any CPU.ActiveCfg = Release|Any CPU
		{5270E5E3-212C-499C-BFE5-0F5C3199A861}.Release|Any CPU.Build.0 = Release|Any CPU
		{4621DFDF-D12D-404A-96D8-4F501C95A5F2}.Debug|Any CPU.ActiveCfg = Debug|Any CPU
		{4621DFDF-D12D-404A-96D8-4F501C95A5F2}.Debug|Any CPU.Build.0 = Debug|Any CPU
		{4621DFDF-D12D-404A-96D8-4F501C95A5F2}.Release|Any CPU.ActiveCfg = Release|Any CPU
		{4621DFDF-D12D-404A-96D8-4F501C95A5F2}.Release|Any CPU.Build.0 = Release|Any CPU
	EndGlobalSection
	GlobalSection(SolutionProperties) = preSolution
		HideSolutionNode = FALSE
	EndGlobalSection
	GlobalSection(ExtensibilityGlobals) = postSolution
		SolutionGuid = {9F87CAC1-FB7F-48DF-A209-34E6BCCBECB0}
	EndGlobalSection
EndGlobal
