
Microsoft Visual Studio Solution File, Format Version 12.00
# Visual Studio Version 16
VisualStudioVersion = 16.0.30717.126
MinimumVisualStudioVersion = 10.0.40219.1
Project("{FAE04EC0-301F-11D3-BF4B-00C04F79EFBC}") = "MyFirstMVCApplication", "MyFirstMVCApplication.csproj", "{AF917C22-DED5-403B-ABFE-8206A2F3AC2F}"
EndProject
Global
	GlobalSection(SolutionConfigurationPlatforms) = preSolution
		Debug|Any CPU = Debug|Any CPU
		Release|Any CPU = Release|Any CPU
	EndGlobalSection
	GlobalSection(ProjectConfigurationPlatforms) = postSolution
		{AF917C22-DED5-403B-ABFE-8206A2F3AC2F}.Debug|Any CPU.ActiveCfg = Debug|Any CPU
		{AF917C22-DED5-403B-ABFE-8206A2F3AC2F}.Debug|Any CPU.Build.0 = Debug|Any CPU
		{AF917C22-DED5-403B-ABFE-8206A2F3AC2F}.Release|Any CPU.ActiveCfg = Release|Any CPU
		{AF917C22-DED5-403B-ABFE-8206A2F3AC2F}.Release|Any CPU.Build.0 = Release|Any CPU
	EndGlobalSection
	GlobalSection(SolutionProperties) = preSolution
		HideSolutionNode = FALSE
	EndGlobalSection
	GlobalSection(ExtensibilityGlobals) = postSolution
		SolutionGuid = {827E5C8C-43F1-48A5-8DA0-099290D6E300}
	EndGlobalSection
EndGlobal
