
Microsoft Visual Studio Solution File, Format Version 12.00
# Visual Studio Version 16
VisualStudioVersion = 16.0.30611.23
MinimumVisualStudioVersion = 10.0.40219.1
Project("{FAE04EC0-301F-11D3-BF4B-00C04F79EFBC}") = "SG.ConsoleUtilities.BLL", "SG.ConsoleUtilities.BLL.csproj", "{2B13C9BB-B270-4E74-B671-136B6F2136C9}"
EndProject
Project("{FAE04EC0-301F-11D3-BF4B-00C04F79EFBC}") = "SG.ConsoleUtilities.UI", "..\SG.ConsoleUtilities.UI\SG.ConsoleUtilities.UI.csproj", "{7D5D45DF-628B-47D5-9127-0C9531392A7C}"
EndProject
Global
	GlobalSection(SolutionConfigurationPlatforms) = preSolution
		Debug|Any CPU = Debug|Any CPU
		Release|Any CPU = Release|Any CPU
	EndGlobalSection
	GlobalSection(ProjectConfigurationPlatforms) = postSolution
		{2B13C9BB-B270-4E74-B671-136B6F2136C9}.Debug|Any CPU.ActiveCfg = Debug|Any CPU
		{2B13C9BB-B270-4E74-B671-136B6F2136C9}.Debug|Any CPU.Build.0 = Debug|Any CPU
		{2B13C9BB-B270-4E74-B671-136B6F2136C9}.Release|Any CPU.ActiveCfg = Release|Any CPU
		{2B13C9BB-B270-4E74-B671-136B6F2136C9}.Release|Any CPU.Build.0 = Release|Any CPU
		{7D5D45DF-628B-47D5-9127-0C9531392A7C}.Debug|Any CPU.ActiveCfg = Debug|Any CPU
		{7D5D45DF-628B-47D5-9127-0C9531392A7C}.Debug|Any CPU.Build.0 = Debug|Any CPU
		{7D5D45DF-628B-47D5-9127-0C9531392A7C}.Release|Any CPU.ActiveCfg = Release|Any CPU
		{7D5D45DF-628B-47D5-9127-0C9531392A7C}.Release|Any CPU.Build.0 = Release|Any CPU
	EndGlobalSection
	GlobalSection(SolutionProperties) = preSolution
		HideSolutionNode = FALSE
	EndGlobalSection
	GlobalSection(ExtensibilityGlobals) = postSolution
		SolutionGuid = {C8FB702C-DB4A-4BED-8199-F93504DFA311}
	EndGlobalSection
EndGlobal
